
Microsoft Visual Studio Solution File, Format Version 12.00
Project("{FAE04EC0-301F-11D3-BF4B-00C04F79EFBC}") = "Evento", "Evento\Evento.csproj", "{7FB94D29-12E9-4D9F-9A8D-61B139EA33CF}"
EndProject
Global
	GlobalSection(SolutionConfigurationPlatforms) = preSolution
		Debug|Any CPU = Debug|Any CPU
		Release|Any CPU = Release|Any CPU
	EndGlobalSection
	GlobalSection(ProjectConfigurationPlatforms) = postSolution
		{7FB94D29-12E9-4D9F-9A8D-61B139EA33CF}.Debug|Any CPU.ActiveCfg = Debug|Any CPU
		{7FB94D29-12E9-4D9F-9A8D-61B139EA33CF}.Debug|Any CPU.Build.0 = Debug|Any CPU
		{7FB94D29-12E9-4D9F-9A8D-61B139EA33CF}.Release|Any CPU.ActiveCfg = Release|Any CPU
		{7FB94D29-12E9-4D9F-9A8D-61B139EA33CF}.Release|Any CPU.Build.0 = Release|Any CPU
	EndGlobalSection
EndGlobal
